// !$*UTF8*$!
{
	archiveVersion = 1;
	classes = {
	};
	objectVersion = 50;
	objects = {

/* Begin PBXBuildFile section */
		D043F898230C63B20090CC93 /* MyFirstSwiftApp.xcdatamodeld in Sources */ = {isa = PBXBuildFile; fileRef = D043F88C230C63B20090CC93 /* MyFirstSwiftApp.xcdatamodeld */; };
		D043F899230C63B20090CC93 /* ViewController.swift in Sources */ = {isa = PBXBuildFile; fileRef = D043F88E230C63B20090CC93 /* ViewController.swift */; };
		D043F89A230C63B20090CC93 /* Main.strings in Resources */ = {isa = PBXBuildFile; fileRef = D043F88F230C63B20090CC93 /* Main.strings */; };
		D043F89B230C63B20090CC93 /* Assets.xcassets in Resources */ = {isa = PBXBuildFile; fileRef = D043F891230C63B20090CC93 /* Assets.xcassets */; };
		D043F89C230C63B20090CC93 /* LaunchScreen.storyboard in Resources */ = {isa = PBXBuildFile; fileRef = D043F892230C63B20090CC93 /* LaunchScreen.storyboard */; };
		D043F89D230C63B20090CC93 /* Main.storyboard in Resources */ = {isa = PBXBuildFile; fileRef = D043F894230C63B20090CC93 /* Main.storyboard */; };
		D043F89E230C63B20090CC93 /* AppDelegate.swift in Sources */ = {isa = PBXBuildFile; fileRef = D043F896230C63B20090CC93 /* AppDelegate.swift */; };
		D043F89F230C63B20090CC93 /* Info.plist in Resources */ = {isa = PBXBuildFile; fileRef = D043F897230C63B20090CC93 /* Info.plist */; };
/* End PBXBuildFile section */

/* Begin PBXFileReference section */
		D02FB10B224C43E5008A71AB /* MyFirstSwiftApp.app */ = {isa = PBXFileReference; explicitFileType = wrapper.application; includeInIndex = 0; path = MyFirstSwiftApp.app; sourceTree = BUILT_PRODUCTS_DIR; };
		D043F88D230C63B20090CC93 /* SwiftClassPractice.xcdatamodel */ = {isa = PBXFileReference; lastKnownFileType = wrapper.xcdatamodel; path = SwiftClassPractice.xcdatamodel; sourceTree = "<group>"; };
		D043F88E230C63B20090CC93 /* ViewController.swift */ = {isa = PBXFileReference; fileEncoding = 4; lastKnownFileType = sourcecode.swift; path = ViewController.swift; sourceTree = "<group>"; };
		D043F890230C63B20090CC93 /* en */ = {isa = PBXFileReference; lastKnownFileType = text.plist.strings; name = en; path = en.lproj/Main.strings; sourceTree = "<group>"; };
		D043F891230C63B20090CC93 /* Assets.xcassets */ = {isa = PBXFileReference; lastKnownFileType = folder.assetcatalog; path = Assets.xcassets; sourceTree = "<group>"; };
		D043F893230C63B20090CC93 /* Base */ = {isa = PBXFileReference; lastKnownFileType = file.storyboard; name = Base; path = Base.lproj/LaunchScreen.storyboard; sourceTree = "<group>"; };
		D043F895230C63B20090CC93 /* Base */ = {isa = PBXFileReference; lastKnownFileType = file.storyboard; name = Base; path = Base.lproj/Main.storyboard; sourceTree = "<group>"; };
		D043F896230C63B20090CC93 /* AppDelegate.swift */ = {isa = PBXFileReference; fileEncoding = 4; lastKnownFileType = sourcecode.swift; path = AppDelegate.swift; sourceTree = "<group>"; };
		D043F897230C63B20090CC93 /* Info.plist */ = {isa = PBXFileReference; fileEncoding = 4; lastKnownFileType = text.plist.xml; path = Info.plist; sourceTree = "<group>"; };
/* End PBXFileReference section */

/* Begin PBXFrameworksBuildPhase section */
		D02FB108224C43E5008A71AB /* Frameworks */ = {
			isa = PBXFrameworksBuildPhase;
			buildActionMask = 2147483647;
			files = (
			);
			runOnlyForDeploymentPostprocessing = 0;
		};
/* End PBXFrameworksBuildPhase section */

/* Begin PBXGroup section */
		D02FB102224C43E5008A71AB = {
			isa = PBXGroup;
			children = (
				D02FB10C224C43E5008A71AB /* Products */,
				D043F88B230C63B20090CC93 /* MyFirstSwiftApp */,
			);
			sourceTree = "<group>";
		};
		D02FB10C224C43E5008A71AB /* Products */ = {
			isa = PBXGroup;
			children = (
				D02FB10B224C43E5008A71AB /* MyFirstSwiftApp.app */,
			);
			name = Products;
			sourceTree = "<group>";
		};
		D043F88B230C63B20090CC93 /* MyFirstSwiftApp */ = {
			isa = PBXGroup;
			children = (
				D043F88C230C63B20090CC93 /* MyFirstSwiftApp.xcdatamodeld */,
				D043F88E230C63B20090CC93 /* ViewController.swift */,
				D043F88F230C63B20090CC93 /* Main.strings */,
				D043F891230C63B20090CC93 /* Assets.xcassets */,
				D043F892230C63B20090CC93 /* LaunchScreen.storyboard */,
				D043F894230C63B20090CC93 /* Main.storyboard */,
				D043F896230C63B20090CC93 /* AppDelegate.swift */,
				D043F897230C63B20090CC93 /* Info.plist */,
			);
			path = MyFirstSwiftApp;
			sourceTree = SOURCE_ROOT;
		};
/* End PBXGroup section */

/* Begin PBXNativeTarget section */
		D02FB10A224C43E5008A71AB /* MyFirstSwiftApp */ = {
			isa = PBXNativeTarget;
			buildConfigurationList = D02FB120224C43E7008A71AB /* Build configuration list for PBXNativeTarget "MyFirstSwiftApp" */;
			buildPhases = (
				D02FB107224C43E5008A71AB /* Sources */,
				D02FB108224C43E5008A71AB /* Frameworks */,
				D02FB109224C43E5008A71AB /* Resources */,
			);
			buildRules = (
			);
			dependencies = (
			);
			name = MyFirstSwiftApp;
			productName = SwiftClassPractice;
			productReference = D02FB10B224C43E5008A71AB /* MyFirstSwiftApp.app */;
			productType = "com.apple.product-type.application";
		};
/* End PBXNativeTarget section */

/* Begin PBXProject section */
		D02FB103224C43E5008A71AB /* Project object */ = {
			isa = PBXProject;
			attributes = {
				LastSwiftUpdateCheck = 1010;
				LastUpgradeCheck = 1010;
				ORGANIZATIONNAME = "Emmanuel Muse";
				TargetAttributes = {
					D02FB10A224C43E5008A71AB = {
						CreatedOnToolsVersion = 10.1;
					};
				};
			};
			buildConfigurationList = D02FB106224C43E5008A71AB /* Build configuration list for PBXProject "MyFirstSwiftApp" */;
			compatibilityVersion = "Xcode 9.3";
			developmentRegion = en;
			hasScannedForEncodings = 0;
			knownRegions = (
				en,
				Base,
			);
			mainGroup = D02FB102224C43E5008A71AB;
			productRefGroup = D02FB10C224C43E5008A71AB /* Products */;
			projectDirPath = "";
			projectRoot = "";
			targets = (
				D02FB10A224C43E5008A71AB /* MyFirstSwiftApp */,
			);
		};
/* End PBXProject section */

/* Begin PBXResourcesBuildPhase section */
		D02FB109224C43E5008A71AB /* Resources */ = {
			isa = PBXResourcesBuildPhase;
			buildActionMask = 2147483647;
			files = (
				D043F89F230C63B20090CC93 /* Info.plist in Resources */,
				D043F89D230C63B20090CC93 /* Main.storyboard in Resources */,
				D043F89A230C63B20090CC93 /* Main.strings in Resources */,
				D043F89C230C63B20090CC93 /* LaunchScreen.storyboard in Resources */,
				D043F89B230C63B20090CC93 /* Assets.xcassets in Resources */,
			);
			runOnlyForDeploymentPostprocessing = 0;
		};
/* End PBXResourcesBuildPhase section */

/* Begin PBXSourcesBuildPhase section */
		D02FB107224C43E5008A71AB /* Sources */ = {
			isa = PBXSourcesBuildPhase;
			buildActionMask = 2147483647;
			files = (
				D043F89E230C63B20090CC93 /* AppDelegate.swift in Sources */,
				D043F899230C63B20090CC93 /* ViewController.swift in Sources */,
				D043F898230C63B20090CC93 /* MyFirstSwiftApp.xcdatamodeld in Sources */,
			);
			runOnlyForDeploymentPostprocessing = 0;
		};
/* End PBXSourcesBuildPhase section */

/* Begin PBXVariantGroup section */
		D043F88F230C63B20090CC93 /* Main.strings */ = {
			isa = PBXVariantGroup;
			children = (
				D043F890230C63B20090CC93 /* en */,
			);
			name = Main.strings;
			sourceTree = "<group>";
		};
		D043F892230C63B20090CC93 /* LaunchScreen.storyboard */ = {
			isa = PBXVariantGroup;
			children = (
				D043F893230C63B20090CC93 /* Base */,
			);
			name = LaunchScreen.storyboard;
			sourceTree = "<group>";
		};
		D043F894230C63B20090CC93 /* Main.storyboard */ = {
			isa = PBXVariantGroup;
			children = (
				D043F895230C63B20090CC93 /* Base */,
			);
			name = Main.storyboard;
			sourceTree = "<group>";
		};
/* End PBXVariantGroup section */

/* Begin XCBuildConfiguration section */
		D02FB11E224C43E7008A71AB /* Debug */ = {
			isa = XCBuildConfiguration;
			buildSettings = {
				ALWAYS_SEARCH_USER_PATHS = NO;
				CLANG_ANALYZER_NONNULL = YES;
				CLANG_ANALYZER_NUMBER_OBJECT_CONVERSION = YES_AGGRESSIVE;
				CLANG_CXX_LANGUAGE_STANDARD = "gnu++14";
				CLANG_CXX_LIBRARY = "libc++";
				CLANG_ENABLE_MODULES = YES;
				CLANG_ENABLE_OBJC_ARC = YES;
				CLANG_ENABLE_OBJC_WEAK = YES;
				CLANG_WARN_BLOCK_CAPTURE_AUTORELEASING = YES;
				CLANG_WARN_BOOL_CONVERSION = YES;
				CLANG_WARN_COMMA = YES;
				CLANG_WARN_CONSTANT_CONVERSION = YES;
				CLANG_WARN_DEPRECATED_OBJC_IMPLEMENTATIONS = YES;
				CLANG_WARN_DIRECT_OBJC_ISA_USAGE = YES_ERROR;
				CLANG_WARN_DOCUMENTATION_COMMENTS = YES;
				CLANG_WARN_EMPTY_BODY = YES;
				CLANG_WARN_ENUM_CONVERSION = YES;
				CLANG_WARN_INFINITE_RECURSION = YES;
				CLANG_WARN_INT_CONVERSION = YES;
				CLANG_WARN_NON_LITERAL_NULL_CONVERSION = YES;
				CLANG_WARN_OBJC_IMPLICIT_RETAIN_SELF = YES;
				CLANG_WARN_OBJC_LITERAL_CONVERSION = YES;
				CLANG_WARN_OBJC_ROOT_CLASS = YES_ERROR;
				CLANG_WARN_RANGE_LOOP_ANALYSIS = YES;
				CLANG_WARN_STRICT_PROTOTYPES = YES;
				CLANG_WARN_SUSPICIOUS_MOVE = YES;
				CLANG_WARN_UNGUARDED_AVAILABILITY = YES_AGGRESSIVE;
				CLANG_WARN_UNREACHABLE_CODE = YES;
				CLANG_WARN__DUPLICATE_METHOD_MATCH = YES;
				CODE_SIGN_IDENTITY = "iPhone Developer";
				COPY_PHASE_STRIP = NO;
				DEBUG_INFORMATION_FORMAT = dwarf;
				ENABLE_STRICT_OBJC_MSGSEND = YES;
				ENABLE_TESTABILITY = YES;
				GCC_C_LANGUAGE_STANDARD = gnu11;
				GCC_DYNAMIC_NO_PIC = NO;
				GCC_NO_COMMON_BLOCKS = YES;
				GCC_OPTIMIZATION_LEVEL = 0;
				GCC_PREPROCESSOR_DEFINITIONS = (
					"DEBUG=1",
					"$(inherited)",
				);
				GCC_WARN_64_TO_32_BIT_CONVERSION = YES;
				GCC_WARN_ABOUT_RETURN_TYPE = YES_ERROR;
				GCC_WARN_UNDECLARED_SELECTOR = YES;
				GCC_WARN_UNINITIALIZED_AUTOS = YES_AGGRESSIVE;
				GCC_WARN_UNUSED_FUNCTION = YES;
				GCC_WARN_UNUSED_VARIABLE = YES;
				IPHONEOS_DEPLOYMENT_TARGET = 12.1;
				MTL_ENABLE_DEBUG_INFO = INCLUDE_SOURCE;
				MTL_FAST_MATH = YES;
				ONLY_ACTIVE_ARCH = YES;
				SDKROOT = iphoneos;
				SWIFT_ACTIVE_COMPILATION_CONDITIONS = DEBUG;
				SWIFT_OPTIMIZATION_LEVEL = "-Onone";
			};
			name = Debug;
		};
		D02FB11F224C43E7008A71AB /* Release */ = {
			isa = XCBuildConfiguration;
			buildSettings = {
				ALWAYS_SEARCH_USER_PATHS = NO;
				CLANG_ANALYZER_NONNULL = YES;
				CLANG_ANALYZER_NUMBER_OBJECT_CONVERSION = YES_AGGRESSIVE;
				CLANG_CXX_LANGUAGE_STANDARD = "gnu++14";
				CLANG_CXX_LIBRARY = "libc++";
				CLANG_ENABLE_MODULES = YES;
				CLANG_ENABLE_OBJC_ARC = YES;
				CLANG_ENABLE_OBJC_WEAK = YES;
				CLANG_WARN_BLOCK_CAPTURE_AUTORELEASING = YES;
				CLANG_WARN_BOOL_CONVERSION = YES;
				CLANG_WARN_COMMA = YES;
				CLANG_WARN_CONSTANT_CONVERSION = YES;
				CLANG_WARN_DEPRECATED_OBJC_IMPLEMENTATIONS = YES;
				CLANG_WARN_DIRECT_OBJC_ISA_USAGE = YES_ERROR;
				CLANG_WARN_DOCUMENTATION_COMMENTS = YES;
				CLANG_WARN_EMPTY_BODY = YES;
				CLANG_WARN_ENUM_CONVERSION = YES;
				CLANG_WARN_INFINITE_RECURSION = YES;
				CLANG_WARN_INT_CONVERSION = YES;
				CLANG_WARN_NON_LITERAL_NULL_CONVERSION = YES;
				CLANG_WARN_OBJC_IMPLICIT_RETAIN_SELF = YES;
				CLANG_WARN_OBJC_LITERAL_CONVERSION = YES;
				CLANG_WARN_OBJC_ROOT_CLASS = YES_ERROR;
				CLANG_WARN_RANGE_LOOP_ANALYSIS = YES;
				CLANG_WARN_STRICT_PROTOTYPES = YES;
				CLANG_WARN_SUSPICIOUS_MOVE = YES;
				CLANG_WARN_UNGUARDED_AVAILABILITY = YES_AGGRESSIVE;
				CLANG_WARN_UNREACHABLE_CODE = YES;
				CLANG_WARN__DUPLICATE_METHOD_MATCH = YES;
				CODE_SIGN_IDENTITY = "iPhone Developer";
				COPY_PHASE_STRIP = NO;
				DEBUG_INFORMATION_FORMAT = "dwarf-with-dsym";
				ENABLE_NS_ASSERTIONS = NO;
				ENABLE_STRICT_OBJC_MSGSEND = YES;
				GCC_C_LANGUAGE_STANDARD = gnu11;
				GCC_NO_COMMON_BLOCKS = YES;
				GCC_WARN_64_TO_32_BIT_CONVERSION = YES;
				GCC_WARN_ABOUT_RETURN_TYPE = YES_ERROR;
				GCC_WARN_UNDECLARED_SELECTOR = YES;
				GCC_WARN_UNINITIALIZED_AUTOS = YES_AGGRESSIVE;
				GCC_WARN_UNUSED_FUNCTION = YES;
				GCC_WARN_UNUSED_VARIABLE = YES;
				IPHONEOS_DEPLOYMENT_TARGET = 12.1;
				MTL_ENABLE_DEBUG_INFO = NO;
				MTL_FAST_MATH = YES;
				SDKROOT = iphoneos;
				SWIFT_COMPILATION_MODE = wholemodule;
				SWIFT_OPTIMIZATION_LEVEL = "-O";
				VALIDATE_PRODUCT = YES;
			};
			name = Release;
		};
		D02FB121224C43E7008A71AB /* Debug */ = {
			isa = XCBuildConfiguration;
			buildSettings = {
				ASSETCATALOG_COMPILER_APPICON_NAME = AppIcon;
				CODE_SIGN_STYLE = Automatic;
				INFOPLIST_FILE = SwiftClassPractice/Info.plist;
				LD_RUNPATH_SEARCH_PATHS = (
					"$(inherited)",
					"@executable_path/Frameworks",
				);
				PRODUCT_BUNDLE_IDENTIFIER = "Class-Practice.-MyFirstSwiftApp";
				PRODUCT_NAME = "$(TARGET_NAME)";
				SWIFT_VERSION = 4.2;
				TARGETED_DEVICE_FAMILY = "1,2";
			};
			name = Debug;
		};
		D02FB122224C43E7008A71AB /* Release */ = {
			isa = XCBuildConfiguration;
			buildSettings = {
				ASSETCATALOG_COMPILER_APPICON_NAME = AppIcon;
				CODE_SIGN_STYLE = Automatic;
				INFOPLIST_FILE = SwiftClassPractice/Info.plist;
				LD_RUNPATH_SEARCH_PATHS = (
					"$(inherited)",
					"@executable_path/Frameworks",
				);
				PRODUCT_BUNDLE_IDENTIFIER = "Class-Practice.-MyFirstSwiftApp";
				PRODUCT_NAME = "$(TARGET_NAME)";
				SWIFT_VERSION = 4.2;
				TARGETED_DEVICE_FAMILY = "1,2";
			};
			name = Release;
		};
/* End XCBuildConfiguration section */

/* Begin XCConfigurationList section */
		D02FB106224C43E5008A71AB /* Build configuration list for PBXProject "MyFirstSwiftApp" */ = {
			isa = XCConfigurationList;
			buildConfigurations = (
				D02FB11E224C43E7008A71AB /* Debug */,
				D02FB11F224C43E7008A71AB /* Release */,
			);
			defaultConfigurationIsVisible = 0;
			defaultConfigurationName = Release;
		};
		D02FB120224C43E7008A71AB /* Build configuration list for PBXNativeTarget "MyFirstSwiftApp" */ = {
			isa = XCConfigurationList;
			buildConfigurations = (
				D02FB121224C43E7008A71AB /* Debug */,
				D02FB122224C43E7008A71AB /* Release */,
			);
			defaultConfigurationIsVisible = 0;
			defaultConfigurationName = Release;
		};
/* End XCConfigurationList section */

/* Begin XCVersionGroup section */
		D043F88C230C63B20090CC93 /* MyFirstSwiftApp.xcdatamodeld */ = {
			isa = XCVersionGroup;
			children = (
				D043F88D230C63B20090CC93 /* SwiftClassPractice.xcdatamodel */,
			);
			currentVersion = D043F88D230C63B20090CC93 /* SwiftClassPractice.xcdatamodel */;
			path = MyFirstSwiftApp.xcdatamodeld;
			sourceTree = "<group>";
			versionGroupType = wrapper.xcdatamodel;
		};
/* End XCVersionGroup section */
	};
	rootObject = D02FB103224C43E5008A71AB /* Project object */;
}
